
Microsoft Visual Studio Solution File, Format Version 12.00
# Visual Studio Version 17
VisualStudioVersion = 17.10.35004.147
MinimumVisualStudioVersion = 10.0.40219.1
Project("{9A19103F-16F7-4668-BE54-9A1E7A4F7556}") = "Flow.Launcher.Plugin.EdgeTabs", "Flow.Launcher.Plugin.EdgeTabs\Flow.Launcher.Plugin.EdgeTabs.csproj", "{2E3E0C47-F4E2-443C-8BB3-BF59E6E4C9DD}"
EndProject
Global
	GlobalSection(SolutionConfigurationPlatforms) = preSolution
		Debug|Any CPU = Debug|Any CPU
		Release|Any CPU = Release|Any CPU
	EndGlobalSection
	GlobalSection(ProjectConfigurationPlatforms) = postSolution
		{2E3E0C47-F4E2-443C-8BB3-BF59E6E4C9DD}.Debug|Any CPU.ActiveCfg = Debug|Any CPU
		{2E3E0C47-F4E2-443C-8BB3-BF59E6E4C9DD}.Debug|Any CPU.Build.0 = Debug|Any CPU
		{2E3E0C47-F4E2-443C-8BB3-BF59E6E4C9DD}.Release|Any CPU.ActiveCfg = Release|Any CPU
		{2E3E0C47-F4E2-443C-8BB3-BF59E6E4C9DD}.Release|Any CPU.Build.0 = Release|Any CPU
	EndGlobalSection
	GlobalSection(SolutionProperties) = preSolution
		HideSolutionNode = FALSE
	EndGlobalSection
	GlobalSection(ExtensibilityGlobals) = postSolution
		SolutionGuid = {A445350C-0464-4066-84EC-4188E2442ED5}
	EndGlobalSection
EndGlobal
